// !$*UTF8*$!
{
	archiveVersion = 1;
	classes = {
	};
	objectVersion = 50;
	objects = {

/* Begin PBXBuildFile section */
		1D546EFB2352BABD005026D6 /* AppDelegate.swift in Sources */ = {isa = PBXBuildFile; fileRef = 1D546EFA2352BABD005026D6 /* AppDelegate.swift */; };
		1D546EFD2352BABD005026D6 /* SceneDelegate.swift in Sources */ = {isa = PBXBuildFile; fileRef = 1D546EFC2352BABD005026D6 /* SceneDelegate.swift */; };
		1D546F022352BABD005026D6 /* Main.storyboard in Resources */ = {isa = PBXBuildFile; fileRef = 1D546F002352BABD005026D6 /* Main.storyboard */; };
		1D546F042352BABE005026D6 /* Assets.xcassets in Resources */ = {isa = PBXBuildFile; fileRef = 1D546F032352BABE005026D6 /* Assets.xcassets */; };
		1D546F072352BABE005026D6 /* LaunchScreen.storyboard in Resources */ = {isa = PBXBuildFile; fileRef = 1D546F052352BABE005026D6 /* LaunchScreen.storyboard */; };
		1D546F152352BF7C005026D6 /* Exercises.plist in Resources */ = {isa = PBXBuildFile; fileRef = 1D546F142352BF7C005026D6 /* Exercises.plist */; };
		FB2F86712363840000FF7AF3 /* WorkoutRunnerViewController.swift in Sources */ = {isa = PBXBuildFile; fileRef = FB2F86702363840000FF7AF3 /* WorkoutRunnerViewController.swift */; };
		FB2F86732363842400FF7AF3 /* WorkoutState.swift in Sources */ = {isa = PBXBuildFile; fileRef = FB2F86722363842400FF7AF3 /* WorkoutState.swift */; };
		FB9794D1236889B100415849 /* FinishedWorkoutViewController.swift in Sources */ = {isa = PBXBuildFile; fileRef = FB9794D0236889B100415849 /* FinishedWorkoutViewController.swift */; };
		FB9794D32368993F00415849 /* StoreWorkoutDataInStorage.swift in Sources */ = {isa = PBXBuildFile; fileRef = FB9794D22368993F00415849 /* StoreWorkoutDataInStorage.swift */; };
		FBAA1E75235DF7EC000833DD /* WorkoutData.swift in Sources */ = {isa = PBXBuildFile; fileRef = FBAA1E74235DF7EC000833DD /* WorkoutData.swift */; };
		FBAA1E77235DF82D000833DD /* ExcerciseData.swift in Sources */ = {isa = PBXBuildFile; fileRef = FBAA1E76235DF82D000833DD /* ExcerciseData.swift */; };
		FBC07309236B394600D87219 /* SavedWorkout+CoreDataClass.swift in Sources */ = {isa = PBXBuildFile; fileRef = FBC07307236B394600D87219 /* SavedWorkout+CoreDataClass.swift */; };
		FBC0730A236B394600D87219 /* SavedWorkout+CoreDataProperties.swift in Sources */ = {isa = PBXBuildFile; fileRef = FBC07308236B394600D87219 /* SavedWorkout+CoreDataProperties.swift */; };
		FBC0730C236B3C4A00D87219 /* WorkoutHistoryViewController.swift in Sources */ = {isa = PBXBuildFile; fileRef = FBC0730B236B3C4A00D87219 /* WorkoutHistoryViewController.swift */; };
		FBC0730F236B3E6500D87219 /* Utils.swift in Sources */ = {isa = PBXBuildFile; fileRef = FBC0730E236B3E6500D87219 /* Utils.swift */; };
		FBC8358623636291009097B9 /* SingleWorkoutViewController.swift in Sources */ = {isa = PBXBuildFile; fileRef = FBC8358523636291009097B9 /* SingleWorkoutViewController.swift */; };
		FBC8358823637A7F009097B9 /* ExcerciseViewController.swift in Sources */ = {isa = PBXBuildFile; fileRef = FBC8358723637A7F009097B9 /* ExcerciseViewController.swift */; };
		FBEC467A23634ABF009EA891 /* ViewController.swift in Sources */ = {isa = PBXBuildFile; fileRef = FBEC467723634ABF009EA891 /* ViewController.swift */; };
		FBEC468023634B97009EA891 /* AllWorkoutsTableViewController.swift in Sources */ = {isa = PBXBuildFile; fileRef = FBEC467F23634B97009EA891 /* AllWorkoutsTableViewController.swift */; };
		FBFCDE2A236B47A100E4C5D5 /* StoredData.xcdatamodeld in Resources */ = {isa = PBXBuildFile; fileRef = FBC07304236B390600D87219 /* StoredData.xcdatamodeld */; };
		FBFCDE2C236B59FE00E4C5D5 /* PlanAlimenticio.swift in Sources */ = {isa = PBXBuildFile; fileRef = FBFCDE2B236B59FE00E4C5D5 /* PlanAlimenticio.swift */; };
		FBFCDE2E236B5F9000E4C5D5 /* PlanAlimenticioViewController.swift in Sources */ = {isa = PBXBuildFile; fileRef = FBFCDE2D236B5F9000E4C5D5 /* PlanAlimenticioViewController.swift */; };
/* End PBXBuildFile section */

/* Begin PBXFileReference section */
		1D546EF72352BABD005026D6 /* FitForFree.app */ = {isa = PBXFileReference; explicitFileType = wrapper.application; includeInIndex = 0; path = FitForFree.app; sourceTree = BUILT_PRODUCTS_DIR; };
		1D546EFA2352BABD005026D6 /* AppDelegate.swift */ = {isa = PBXFileReference; lastKnownFileType = sourcecode.swift; path = AppDelegate.swift; sourceTree = "<group>"; };
		1D546EFC2352BABD005026D6 /* SceneDelegate.swift */ = {isa = PBXFileReference; lastKnownFileType = sourcecode.swift; path = SceneDelegate.swift; sourceTree = "<group>"; };
		1D546F012352BABD005026D6 /* Base */ = {isa = PBXFileReference; lastKnownFileType = file.storyboard; name = Base; path = Base.lproj/Main.storyboard; sourceTree = "<group>"; };
		1D546F032352BABE005026D6 /* Assets.xcassets */ = {isa = PBXFileReference; lastKnownFileType = folder.assetcatalog; path = Assets.xcassets; sourceTree = "<group>"; };
		1D546F062352BABE005026D6 /* Base */ = {isa = PBXFileReference; lastKnownFileType = file.storyboard; name = Base; path = Base.lproj/LaunchScreen.storyboard; sourceTree = "<group>"; };
		1D546F082352BABE005026D6 /* Info.plist */ = {isa = PBXFileReference; lastKnownFileType = text.plist.xml; path = Info.plist; sourceTree = "<group>"; };
		1D546F142352BF7C005026D6 /* Exercises.plist */ = {isa = PBXFileReference; lastKnownFileType = text.plist.xml; path = Exercises.plist; sourceTree = "<group>"; };
		FB2F86702363840000FF7AF3 /* WorkoutRunnerViewController.swift */ = {isa = PBXFileReference; lastKnownFileType = sourcecode.swift; path = WorkoutRunnerViewController.swift; sourceTree = "<group>"; };
		FB2F86722363842400FF7AF3 /* WorkoutState.swift */ = {isa = PBXFileReference; lastKnownFileType = sourcecode.swift; path = WorkoutState.swift; sourceTree = "<group>"; };
		FB9794D0236889B100415849 /* FinishedWorkoutViewController.swift */ = {isa = PBXFileReference; lastKnownFileType = sourcecode.swift; path = FinishedWorkoutViewController.swift; sourceTree = "<group>"; };
		FB9794D22368993F00415849 /* StoreWorkoutDataInStorage.swift */ = {isa = PBXFileReference; lastKnownFileType = sourcecode.swift; path = StoreWorkoutDataInStorage.swift; sourceTree = "<group>"; };
		FBAA1E74235DF7EC000833DD /* WorkoutData.swift */ = {isa = PBXFileReference; lastKnownFileType = sourcecode.swift; path = WorkoutData.swift; sourceTree = "<group>"; };
		FBAA1E76235DF82D000833DD /* ExcerciseData.swift */ = {isa = PBXFileReference; lastKnownFileType = sourcecode.swift; path = ExcerciseData.swift; sourceTree = "<group>"; };
		FBC07305236B390600D87219 /* StoredData.xcdatamodel */ = {isa = PBXFileReference; lastKnownFileType = wrapper.xcdatamodel; path = StoredData.xcdatamodel; sourceTree = "<group>"; };
		FBC07307236B394600D87219 /* SavedWorkout+CoreDataClass.swift */ = {isa = PBXFileReference; lastKnownFileType = sourcecode.swift; path = "SavedWorkout+CoreDataClass.swift"; sourceTree = "<group>"; };
		FBC07308236B394600D87219 /* SavedWorkout+CoreDataProperties.swift */ = {isa = PBXFileReference; lastKnownFileType = sourcecode.swift; path = "SavedWorkout+CoreDataProperties.swift"; sourceTree = "<group>"; };
		FBC0730B236B3C4A00D87219 /* WorkoutHistoryViewController.swift */ = {isa = PBXFileReference; lastKnownFileType = sourcecode.swift; path = WorkoutHistoryViewController.swift; sourceTree = "<group>"; };
		FBC0730E236B3E6500D87219 /* Utils.swift */ = {isa = PBXFileReference; lastKnownFileType = sourcecode.swift; path = Utils.swift; sourceTree = "<group>"; };
		FBC8358523636291009097B9 /* SingleWorkoutViewController.swift */ = {isa = PBXFileReference; lastKnownFileType = sourcecode.swift; path = SingleWorkoutViewController.swift; sourceTree = "<group>"; };
		FBC8358723637A7F009097B9 /* ExcerciseViewController.swift */ = {isa = PBXFileReference; lastKnownFileType = sourcecode.swift; path = ExcerciseViewController.swift; sourceTree = "<group>"; };
		FBEC467723634ABF009EA891 /* ViewController.swift */ = {isa = PBXFileReference; lastKnownFileType = sourcecode.swift; path = ViewController.swift; sourceTree = "<group>"; };
		FBEC467F23634B97009EA891 /* AllWorkoutsTableViewController.swift */ = {isa = PBXFileReference; lastKnownFileType = sourcecode.swift; path = AllWorkoutsTableViewController.swift; sourceTree = "<group>"; };
		FBFCDE2B236B59FE00E4C5D5 /* PlanAlimenticio.swift */ = {isa = PBXFileReference; lastKnownFileType = sourcecode.swift; path = PlanAlimenticio.swift; sourceTree = "<group>"; };
		FBFCDE2D236B5F9000E4C5D5 /* PlanAlimenticioViewController.swift */ = {isa = PBXFileReference; lastKnownFileType = sourcecode.swift; path = PlanAlimenticioViewController.swift; sourceTree = "<group>"; };
/* End PBXFileReference section */

/* Begin PBXFrameworksBuildPhase section */
		1D546EF42352BABD005026D6 /* Frameworks */ = {
			isa = PBXFrameworksBuildPhase;
			buildActionMask = 2147483647;
			files = (
			);
			runOnlyForDeploymentPostprocessing = 0;
		};
/* End PBXFrameworksBuildPhase section */

/* Begin PBXGroup section */
		1D546EEE2352BABD005026D6 = {
			isa = PBXGroup;
			children = (
				1D546EF92352BABD005026D6 /* FitForFree */,
				1D546EF82352BABD005026D6 /* Products */,
			);
			sourceTree = "<group>";
		};
		1D546EF82352BABD005026D6 /* Products */ = {
			isa = PBXGroup;
			children = (
				1D546EF72352BABD005026D6 /* FitForFree.app */,
			);
			name = Products;
			sourceTree = "<group>";
		};
		1D546EF92352BABD005026D6 /* FitForFree */ = {
			isa = PBXGroup;
			children = (
				FBC0730D236B3E4B00D87219 /* utils */,
				FBB6B6B9236B2C1900F27C9B /* Data Storage */,
				FBEC467C23634AEC009EA891 /* Controllers */,
				FBEC4669236349BE009EA891 /* Models */,
				1D546F142352BF7C005026D6 /* Exercises.plist */,
				1D546EFA2352BABD005026D6 /* AppDelegate.swift */,
				1D546EFC2352BABD005026D6 /* SceneDelegate.swift */,
				1D546F002352BABD005026D6 /* Main.storyboard */,
				1D546F032352BABE005026D6 /* Assets.xcassets */,
				1D546F052352BABE005026D6 /* LaunchScreen.storyboard */,
				1D546F082352BABE005026D6 /* Info.plist */,
			);
			path = FitForFree;
			sourceTree = "<group>";
		};
		FBB6B6B9236B2C1900F27C9B /* Data Storage */ = {
			isa = PBXGroup;
			children = (
				FBC07307236B394600D87219 /* SavedWorkout+CoreDataClass.swift */,
				FBC07308236B394600D87219 /* SavedWorkout+CoreDataProperties.swift */,
				FBC07304236B390600D87219 /* StoredData.xcdatamodeld */,
			);
			path = "Data Storage";
			sourceTree = "<group>";
		};
		FBC0730D236B3E4B00D87219 /* utils */ = {
			isa = PBXGroup;
			children = (
				FB9794D22368993F00415849 /* StoreWorkoutDataInStorage.swift */,
				FBC0730E236B3E6500D87219 /* Utils.swift */,
			);
			path = utils;
			sourceTree = "<group>";
		};
		FBEC4669236349BE009EA891 /* Models */ = {
			isa = PBXGroup;
			children = (
				FBAA1E76235DF82D000833DD /* ExcerciseData.swift */,
				FB2F86722363842400FF7AF3 /* WorkoutState.swift */,
				FBAA1E74235DF7EC000833DD /* WorkoutData.swift */,
				FBFCDE2B236B59FE00E4C5D5 /* PlanAlimenticio.swift */,
			);
			path = Models;
			sourceTree = "<group>";
		};
		FBEC467C23634AEC009EA891 /* Controllers */ = {
			isa = PBXGroup;
			children = (
				FBFCDE2D236B5F9000E4C5D5 /* PlanAlimenticioViewController.swift */,
				FB2F86702363840000FF7AF3 /* WorkoutRunnerViewController.swift */,
				FBC8358723637A7F009097B9 /* ExcerciseViewController.swift */,
				FBEC467723634ABF009EA891 /* ViewController.swift */,
				FBEC467F23634B97009EA891 /* AllWorkoutsTableViewController.swift */,
				FBC8358523636291009097B9 /* SingleWorkoutViewController.swift */,
				FB9794D0236889B100415849 /* FinishedWorkoutViewController.swift */,
				FBC0730B236B3C4A00D87219 /* WorkoutHistoryViewController.swift */,
			);
			path = Controllers;
			sourceTree = "<group>";
		};
/* End PBXGroup section */

/* Begin PBXNativeTarget section */
		1D546EF62352BABD005026D6 /* FitForFree */ = {
			isa = PBXNativeTarget;
			buildConfigurationList = 1D546F0B2352BABE005026D6 /* Build configuration list for PBXNativeTarget "FitForFree" */;
			buildPhases = (
				1D546EF32352BABD005026D6 /* Sources */,
				1D546EF42352BABD005026D6 /* Frameworks */,
				1D546EF52352BABD005026D6 /* Resources */,
			);
			buildRules = (
			);
			dependencies = (
			);
			name = FitForFree;
			productName = FitForFree;
			productReference = 1D546EF72352BABD005026D6 /* FitForFree.app */;
			productType = "com.apple.product-type.application";
		};
/* End PBXNativeTarget section */

/* Begin PBXProject section */
		1D546EEF2352BABD005026D6 /* Project object */ = {
			isa = PBXProject;
			attributes = {
				LastSwiftUpdateCheck = 1110;
				LastUpgradeCheck = 1110;
				ORGANIZATIONNAME = Rick;
				TargetAttributes = {
					1D546EF62352BABD005026D6 = {
						CreatedOnToolsVersion = 11.1;
					};
				};
			};
			buildConfigurationList = 1D546EF22352BABD005026D6 /* Build configuration list for PBXProject "FitForFree" */;
			compatibilityVersion = "Xcode 9.3";
			developmentRegion = en;
			hasScannedForEncodings = 0;
			knownRegions = (
				en,
				Base,
			);
			mainGroup = 1D546EEE2352BABD005026D6;
			productRefGroup = 1D546EF82352BABD005026D6 /* Products */;
			projectDirPath = "";
			projectRoot = "";
			targets = (
				1D546EF62352BABD005026D6 /* FitForFree */,
			);
		};
/* End PBXProject section */

/* Begin PBXResourcesBuildPhase section */
		1D546EF52352BABD005026D6 /* Resources */ = {
			isa = PBXResourcesBuildPhase;
			buildActionMask = 2147483647;
			files = (
				FBFCDE2A236B47A100E4C5D5 /* StoredData.xcdatamodeld in Resources */,
				1D546F152352BF7C005026D6 /* Exercises.plist in Resources */,
				1D546F072352BABE005026D6 /* LaunchScreen.storyboard in Resources */,
				1D546F042352BABE005026D6 /* Assets.xcassets in Resources */,
				1D546F022352BABD005026D6 /* Main.storyboard in Resources */,
			);
			runOnlyForDeploymentPostprocessing = 0;
		};
/* End PBXResourcesBuildPhase section */

/* Begin PBXSourcesBuildPhase section */
		1D546EF32352BABD005026D6 /* Sources */ = {
			isa = PBXSourcesBuildPhase;
			buildActionMask = 2147483647;
			files = (
				FBFCDE2E236B5F9000E4C5D5 /* PlanAlimenticioViewController.swift in Sources */,
				FBAA1E77235DF82D000833DD /* ExcerciseData.swift in Sources */,
				1D546EFB2352BABD005026D6 /* AppDelegate.swift in Sources */,
				FB2F86712363840000FF7AF3 /* WorkoutRunnerViewController.swift in Sources */,
				FBC8358623636291009097B9 /* SingleWorkoutViewController.swift in Sources */,
				FBAA1E75235DF7EC000833DD /* WorkoutData.swift in Sources */,
				FB2F86732363842400FF7AF3 /* WorkoutState.swift in Sources */,
				FB9794D1236889B100415849 /* FinishedWorkoutViewController.swift in Sources */,
				FBC8358823637A7F009097B9 /* ExcerciseViewController.swift in Sources */,
				FBEC467A23634ABF009EA891 /* ViewController.swift in Sources */,
				FBC0730A236B394600D87219 /* SavedWorkout+CoreDataProperties.swift in Sources */,
				1D546EFD2352BABD005026D6 /* SceneDelegate.swift in Sources */,
				FBC0730F236B3E6500D87219 /* Utils.swift in Sources */,
				FB9794D32368993F00415849 /* StoreWorkoutDataInStorage.swift in Sources */,
				FBFCDE2C236B59FE00E4C5D5 /* PlanAlimenticio.swift in Sources */,
				FBEC468023634B97009EA891 /* AllWorkoutsTableViewController.swift in Sources */,
				FBC0730C236B3C4A00D87219 /* WorkoutHistoryViewController.swift in Sources */,
				FBC07309236B394600D87219 /* SavedWorkout+CoreDataClass.swift in Sources */,
			);
			runOnlyForDeploymentPostprocessing = 0;
		};
/* End PBXSourcesBuildPhase section */

/* Begin PBXVariantGroup section */
		1D546F002352BABD005026D6 /* Main.storyboard */ = {
			isa = PBXVariantGroup;
			children = (
				1D546F012352BABD005026D6 /* Base */,
			);
			name = Main.storyboard;
			sourceTree = "<group>";
		};
		1D546F052352BABE005026D6 /* LaunchScreen.storyboard */ = {
			isa = PBXVariantGroup;
			children = (
				1D546F062352BABE005026D6 /* Base */,
			);
			name = LaunchScreen.storyboard;
			sourceTree = "<group>";
		};
/* End PBXVariantGroup section */

/* Begin XCBuildConfiguration section */
		1D546F092352BABE005026D6 /* Debug */ = {
			isa = XCBuildConfiguration;
			buildSettings = {
				ALWAYS_SEARCH_USER_PATHS = NO;
				CLANG_ANALYZER_NONNULL = YES;
				CLANG_ANALYZER_NUMBER_OBJECT_CONVERSION = YES_AGGRESSIVE;
				CLANG_CXX_LANGUAGE_STANDARD = "gnu++14";
				CLANG_CXX_LIBRARY = "libc++";
				CLANG_ENABLE_MODULES = YES;
				CLANG_ENABLE_OBJC_ARC = YES;
				CLANG_ENABLE_OBJC_WEAK = YES;
				CLANG_WARN_BLOCK_CAPTURE_AUTORELEASING = YES;
				CLANG_WARN_BOOL_CONVERSION = YES;
				CLANG_WARN_COMMA = YES;
				CLANG_WARN_CONSTANT_CONVERSION = YES;
				CLANG_WARN_DEPRECATED_OBJC_IMPLEMENTATIONS = YES;
				CLANG_WARN_DIRECT_OBJC_ISA_USAGE = YES_ERROR;
				CLANG_WARN_DOCUMENTATION_COMMENTS = YES;
				CLANG_WARN_EMPTY_BODY = YES;
				CLANG_WARN_ENUM_CONVERSION = YES;
				CLANG_WARN_INFINITE_RECURSION = YES;
				CLANG_WARN_INT_CONVERSION = YES;
				CLANG_WARN_NON_LITERAL_NULL_CONVERSION = YES;
				CLANG_WARN_OBJC_IMPLICIT_RETAIN_SELF = YES;
				CLANG_WARN_OBJC_LITERAL_CONVERSION = YES;
				CLANG_WARN_OBJC_ROOT_CLASS = YES_ERROR;
				CLANG_WARN_RANGE_LOOP_ANALYSIS = YES;
				CLANG_WARN_STRICT_PROTOTYPES = YES;
				CLANG_WARN_SUSPICIOUS_MOVE = YES;
				CLANG_WARN_UNGUARDED_AVAILABILITY = YES_AGGRESSIVE;
				CLANG_WARN_UNREACHABLE_CODE = YES;
				CLANG_WARN__DUPLICATE_METHOD_MATCH = YES;
				COPY_PHASE_STRIP = NO;
				DEBUG_INFORMATION_FORMAT = dwarf;
				ENABLE_STRICT_OBJC_MSGSEND = YES;
				ENABLE_TESTABILITY = YES;
				GCC_C_LANGUAGE_STANDARD = gnu11;
				GCC_DYNAMIC_NO_PIC = NO;
				GCC_NO_COMMON_BLOCKS = YES;
				GCC_OPTIMIZATION_LEVEL = 0;
				GCC_PREPROCESSOR_DEFINITIONS = (
					"DEBUG=1",
					"$(inherited)",
				);
				GCC_WARN_64_TO_32_BIT_CONVERSION = YES;
				GCC_WARN_ABOUT_RETURN_TYPE = YES_ERROR;
				GCC_WARN_UNDECLARED_SELECTOR = YES;
				GCC_WARN_UNINITIALIZED_AUTOS = YES_AGGRESSIVE;
				GCC_WARN_UNUSED_FUNCTION = YES;
				GCC_WARN_UNUSED_VARIABLE = YES;
				IPHONEOS_DEPLOYMENT_TARGET = 13.1;
				MTL_ENABLE_DEBUG_INFO = INCLUDE_SOURCE;
				MTL_FAST_MATH = YES;
				ONLY_ACTIVE_ARCH = YES;
				SDKROOT = iphoneos;
				SWIFT_ACTIVE_COMPILATION_CONDITIONS = DEBUG;
				SWIFT_OPTIMIZATION_LEVEL = "-Onone";
			};
			name = Debug;
		};
		1D546F0A2352BABE005026D6 /* Release */ = {
			isa = XCBuildConfiguration;
			buildSettings = {
				ALWAYS_SEARCH_USER_PATHS = NO;
				CLANG_ANALYZER_NONNULL = YES;
				CLANG_ANALYZER_NUMBER_OBJECT_CONVERSION = YES_AGGRESSIVE;
				CLANG_CXX_LANGUAGE_STANDARD = "gnu++14";
				CLANG_CXX_LIBRARY = "libc++";
				CLANG_ENABLE_MODULES = YES;
				CLANG_ENABLE_OBJC_ARC = YES;
				CLANG_ENABLE_OBJC_WEAK = YES;
				CLANG_WARN_BLOCK_CAPTURE_AUTORELEASING = YES;
				CLANG_WARN_BOOL_CONVERSION = YES;
				CLANG_WARN_COMMA = YES;
				CLANG_WARN_CONSTANT_CONVERSION = YES;
				CLANG_WARN_DEPRECATED_OBJC_IMPLEMENTATIONS = YES;
				CLANG_WARN_DIRECT_OBJC_ISA_USAGE = YES_ERROR;
				CLANG_WARN_DOCUMENTATION_COMMENTS = YES;
				CLANG_WARN_EMPTY_BODY = YES;
				CLANG_WARN_ENUM_CONVERSION = YES;
				CLANG_WARN_INFINITE_RECURSION = YES;
				CLANG_WARN_INT_CONVERSION = YES;
				CLANG_WARN_NON_LITERAL_NULL_CONVERSION = YES;
				CLANG_WARN_OBJC_IMPLICIT_RETAIN_SELF = YES;
				CLANG_WARN_OBJC_LITERAL_CONVERSION = YES;
				CLANG_WARN_OBJC_ROOT_CLASS = YES_ERROR;
				CLANG_WARN_RANGE_LOOP_ANALYSIS = YES;
				CLANG_WARN_STRICT_PROTOTYPES = YES;
				CLANG_WARN_SUSPICIOUS_MOVE = YES;
				CLANG_WARN_UNGUARDED_AVAILABILITY = YES_AGGRESSIVE;
				CLANG_WARN_UNREACHABLE_CODE = YES;
				CLANG_WARN__DUPLICATE_METHOD_MATCH = YES;
				COPY_PHASE_STRIP = NO;
				DEBUG_INFORMATION_FORMAT = "dwarf-with-dsym";
				ENABLE_NS_ASSERTIONS = NO;
				ENABLE_STRICT_OBJC_MSGSEND = YES;
				GCC_C_LANGUAGE_STANDARD = gnu11;
				GCC_NO_COMMON_BLOCKS = YES;
				GCC_WARN_64_TO_32_BIT_CONVERSION = YES;
				GCC_WARN_ABOUT_RETURN_TYPE = YES_ERROR;
				GCC_WARN_UNDECLARED_SELECTOR = YES;
				GCC_WARN_UNINITIALIZED_AUTOS = YES_AGGRESSIVE;
				GCC_WARN_UNUSED_FUNCTION = YES;
				GCC_WARN_UNUSED_VARIABLE = YES;
				IPHONEOS_DEPLOYMENT_TARGET = 13.1;
				MTL_ENABLE_DEBUG_INFO = NO;
				MTL_FAST_MATH = YES;
				SDKROOT = iphoneos;
				SWIFT_COMPILATION_MODE = wholemodule;
				SWIFT_OPTIMIZATION_LEVEL = "-O";
				VALIDATE_PRODUCT = YES;
			};
			name = Release;
		};
		1D546F0C2352BABE005026D6 /* Debug */ = {
			isa = XCBuildConfiguration;
			buildSettings = {
				ASSETCATALOG_COMPILER_APPICON_NAME = AppIcon;
				CODE_SIGN_STYLE = Automatic;
				INFOPLIST_FILE = FitForFree/Info.plist;
				LD_RUNPATH_SEARCH_PATHS = (
					"$(inherited)",
					"@executable_path/Frameworks",
				);
				PRODUCT_BUNDLE_IDENTIFIER = Me.FitForFree;
				PRODUCT_NAME = "$(TARGET_NAME)";
				SWIFT_VERSION = 5.0;
				TARGETED_DEVICE_FAMILY = "1,2";
			};
			name = Debug;
		};
		1D546F0D2352BABE005026D6 /* Release */ = {
			isa = XCBuildConfiguration;
			buildSettings = {
				ASSETCATALOG_COMPILER_APPICON_NAME = AppIcon;
				CODE_SIGN_STYLE = Automatic;
				INFOPLIST_FILE = FitForFree/Info.plist;
				LD_RUNPATH_SEARCH_PATHS = (
					"$(inherited)",
					"@executable_path/Frameworks",
				);
				PRODUCT_BUNDLE_IDENTIFIER = Me.FitForFree;
				PRODUCT_NAME = "$(TARGET_NAME)";
				SWIFT_VERSION = 5.0;
				TARGETED_DEVICE_FAMILY = "1,2";
			};
			name = Release;
		};
/* End XCBuildConfiguration section */

/* Begin XCConfigurationList section */
		1D546EF22352BABD005026D6 /* Build configuration list for PBXProject "FitForFree" */ = {
			isa = XCConfigurationList;
			buildConfigurations = (
				1D546F092352BABE005026D6 /* Debug */,
				1D546F0A2352BABE005026D6 /* Release */,
			);
			defaultConfigurationIsVisible = 0;
			defaultConfigurationName = Release;
		};
		1D546F0B2352BABE005026D6 /* Build configuration list for PBXNativeTarget "FitForFree" */ = {
			isa = XCConfigurationList;
			buildConfigurations = (
				1D546F0C2352BABE005026D6 /* Debug */,
				1D546F0D2352BABE005026D6 /* Release */,
			);
			defaultConfigurationIsVisible = 0;
			defaultConfigurationName = Release;
		};
/* End XCConfigurationList section */

/* Begin XCVersionGroup section */
		FBC07304236B390600D87219 /* StoredData.xcdatamodeld */ = {
			isa = XCVersionGroup;
			children = (
				FBC07305236B390600D87219 /* StoredData.xcdatamodel */,
			);
			currentVersion = FBC07305236B390600D87219 /* StoredData.xcdatamodel */;
			path = StoredData.xcdatamodeld;
			sourceTree = "<group>";
			versionGroupType = wrapper.xcdatamodel;
		};
/* End XCVersionGroup section */
	};
	rootObject = 1D546EEF2352BABD005026D6 /* Project object */;
}
